// !$*UTF8*$!
{
	archiveVersion = 1;
	classes = {
	};
	objectVersion = 46;
	objects = {

/* Begin PBXBuildFile section */
		1D00A8A51993CE3000ACF48C /* MASPreferencesWindowController.m in Sources */ = {isa = PBXBuildFile; fileRef = 1D00A8A11993CE3000ACF48C /* MASPreferencesWindowController.m */; };
		1D00A8A61993CE3000ACF48C /* MASPreferencesWindowController.m in Sources */ = {isa = PBXBuildFile; fileRef = 1D00A8A11993CE3000ACF48C /* MASPreferencesWindowController.m */; };
		1D00A8A71993CE3000ACF48C /* MASPreferencesWindow.xib in Resources */ = {isa = PBXBuildFile; fileRef = 1D00A8A31993CE3000ACF48C /* MASPreferencesWindow.xib */; };
		1D00A8A81993CE3000ACF48C /* MASPreferencesWindow.xib in Resources */ = {isa = PBXBuildFile; fileRef = 1D00A8A31993CE3000ACF48C /* MASPreferencesWindow.xib */; };
		1D00A8AE1993CF5D00ACF48C /* UsersDefaults.plist in Resources */ = {isa = PBXBuildFile; fileRef = 1D00A8AA1993CF5D00ACF48C /* UsersDefaults.plist */; };
		1D00A8AF1993CF5D00ACF48C /* UsersDefaults.plist in Resources */ = {isa = PBXBuildFile; fileRef = 1D00A8AA1993CF5D00ACF48C /* UsersDefaults.plist */; };
		1D00A8B01993CF5D00ACF48C /* NLAGeneralPreferenceViewController.m in Sources */ = {isa = PBXBuildFile; fileRef = 1D00A8AB1993CF5D00ACF48C /* NLAGeneralPreferenceViewController.m */; };
		1D00A8B11993CF5D00ACF48C /* NLAGeneralPreferenceViewController.m in Sources */ = {isa = PBXBuildFile; fileRef = 1D00A8AB1993CF5D00ACF48C /* NLAGeneralPreferenceViewController.m */; };
		1D00A8B41993CF7200ACF48C /* NLAGeneralPreferenceView.xib in Resources */ = {isa = PBXBuildFile; fileRef = 1D00A8B21993CF7200ACF48C /* NLAGeneralPreferenceView.xib */; };
		1D00A8B51993CF7200ACF48C /* NLAGeneralPreferenceView.xib in Resources */ = {isa = PBXBuildFile; fileRef = 1D00A8B21993CF7200ACF48C /* NLAGeneralPreferenceView.xib */; };
		1D00A8B81993CFB000ACF48C /* NLANotiryPreferenceViewController.m in Sources */ = {isa = PBXBuildFile; fileRef = 1D00A8B61993CFB000ACF48C /* NLANotiryPreferenceViewController.m */; };
		1D00A8B91993CFB000ACF48C /* NLANotiryPreferenceViewController.m in Sources */ = {isa = PBXBuildFile; fileRef = 1D00A8B61993CFB000ACF48C /* NLANotiryPreferenceViewController.m */; };
		1D00A8BC1993CFD500ACF48C /* NLANotiryPreferenceView.xib in Resources */ = {isa = PBXBuildFile; fileRef = 1D00A8BA1993CFD500ACF48C /* NLANotiryPreferenceView.xib */; };
		1D00A8BD1993CFD500ACF48C /* NLANotiryPreferenceView.xib in Resources */ = {isa = PBXBuildFile; fileRef = 1D00A8BA1993CFD500ACF48C /* NLANotiryPreferenceView.xib */; };
		1D00A8C01993D00600ACF48C /* NLAWatchlistPreferenceViewController.m in Sources */ = {isa = PBXBuildFile; fileRef = 1D00A8BE1993D00600ACF48C /* NLAWatchlistPreferenceViewController.m */; };
		1D00A8C11993D00600ACF48C /* NLAWatchlistPreferenceViewController.m in Sources */ = {isa = PBXBuildFile; fileRef = 1D00A8BE1993D00600ACF48C /* NLAWatchlistPreferenceViewController.m */; };
		1D00A8C41993D02000ACF48C /* NLAWatchlistPreferenceView.xib in Resources */ = {isa = PBXBuildFile; fileRef = 1D00A8C21993D02000ACF48C /* NLAWatchlistPreferenceView.xib */; };
		1D00A8C51993D02000ACF48C /* NLAWatchlistPreferenceView.xib in Resources */ = {isa = PBXBuildFile; fileRef = 1D00A8C21993D02000ACF48C /* NLAWatchlistPreferenceView.xib */; };
		1D00A8CA1993D06100ACF48C /* NLAAccountPreferenceView.xib in Resources */ = {isa = PBXBuildFile; fileRef = 1D00A8C61993D06100ACF48C /* NLAAccountPreferenceView.xib */; };
		1D00A8CB1993D06100ACF48C /* NLAAccountPreferenceView.xib in Resources */ = {isa = PBXBuildFile; fileRef = 1D00A8C61993D06100ACF48C /* NLAAccountPreferenceView.xib */; };
		1D00A8CC1993D06100ACF48C /* NLAAccountPreferenceViewController.m in Sources */ = {isa = PBXBuildFile; fileRef = 1D00A8C81993D06100ACF48C /* NLAAccountPreferenceViewController.m */; };
		1D00A8CD1993D06100ACF48C /* NLAAccountPreferenceViewController.m in Sources */ = {isa = PBXBuildFile; fileRef = 1D00A8C81993D06100ACF48C /* NLAAccountPreferenceViewController.m */; };
		1D00A8D41993EA4300ACF48C /* IntermidiatePath.c in Sources */ = {isa = PBXBuildFile; fileRef = 1D00A8D11993EA4300ACF48C /* IntermidiatePath.c */; };
		1D00A8D51993EA4300ACF48C /* IntermidiatePath.c in Sources */ = {isa = PBXBuildFile; fileRef = 1D00A8D11993EA4300ACF48C /* IntermidiatePath.c */; };
		1D00A8D61993EA4300ACF48C /* AudioDeviceList.c in Sources */ = {isa = PBXBuildFile; fileRef = 1D00A8D31993EA4300ACF48C /* AudioDeviceList.c */; };
		1D00A8D71993EA4300ACF48C /* AudioDeviceList.c in Sources */ = {isa = PBXBuildFile; fileRef = 1D00A8D31993EA4300ACF48C /* AudioDeviceList.c */; };
		1D00A8DA1993EA6000ACF48C /* NSString+Oniguruma.m in Sources */ = {isa = PBXBuildFile; fileRef = 1D00A8D81993EA6000ACF48C /* NSString+Oniguruma.m */; };
		1D00A8DB1993EA6000ACF48C /* NSString+Oniguruma.m in Sources */ = {isa = PBXBuildFile; fileRef = 1D00A8D81993EA6000ACF48C /* NSString+Oniguruma.m */; };
		1D00A8DC1993EAE500ACF48C /* Foundation.framework in Frameworks */ = {isa = PBXBuildFile; fileRef = 1DEE096A198279CA00A0A76D /* Foundation.framework */; settings = {ATTRIBUTES = (Weak, ); }; };
		1D00A8DE1993EB3300ACF48C /* CoreFoundation.framework in Frameworks */ = {isa = PBXBuildFile; fileRef = 1D00A8DD1993EB3300ACF48C /* CoreFoundation.framework */; };
		1D1D09C4198BD376002B88EE /* NicoLiveAlert.xib in Resources */ = {isa = PBXBuildFile; fileRef = 1D1D09C2198BD376002B88EE /* NicoLiveAlert.xib */; };
		1D895B71198CCDA700D3E89E /* CocoaOniguruma.framework in Frameworks */ = {isa = PBXBuildFile; fileRef = 1D895B6F198CCDA700D3E89E /* CocoaOniguruma.framework */; };
		1D895B72198CCDA700D3E89E /* CocoaOniguruma.framework in Frameworks */ = {isa = PBXBuildFile; fileRef = 1D895B6F198CCDA700D3E89E /* CocoaOniguruma.framework */; };
		1D895B73198CCDA700D3E89E /* Growl.framework in Frameworks */ = {isa = PBXBuildFile; fileRef = 1D895B70198CCDA700D3E89E /* Growl.framework */; };
		1D895B74198CCDA700D3E89E /* Growl.framework in Frameworks */ = {isa = PBXBuildFile; fileRef = 1D895B70198CCDA700D3E89E /* Growl.framework */; };
		1DABC8321990141E00D47B47 /* Sparkle.framework in Frameworks */ = {isa = PBXBuildFile; fileRef = 1DABC8311990141E00D47B47 /* Sparkle.framework */; };
		1DABC8331990141E00D47B47 /* Sparkle.framework in Frameworks */ = {isa = PBXBuildFile; fileRef = 1DABC8311990141E00D47B47 /* Sparkle.framework */; };
		1DABC8351990151000D47B47 /* CocoaOniguruma.framework in Copy Frameworks */ = {isa = PBXBuildFile; fileRef = 1D895B6F198CCDA700D3E89E /* CocoaOniguruma.framework */; };
		1DABC8361990151000D47B47 /* Growl.framework in Copy Frameworks */ = {isa = PBXBuildFile; fileRef = 1D895B70198CCDA700D3E89E /* Growl.framework */; };
		1DABC8371990151000D47B47 /* Sparkle.framework in Copy Frameworks */ = {isa = PBXBuildFile; fileRef = 1DABC8311990141E00D47B47 /* Sparkle.framework */; };
		1DB54EDD198BD3BE00CF8DC9 /* InfoPlist.strings in Resources */ = {isa = PBXBuildFile; fileRef = 1DB54ED9198BD3BE00CF8DC9 /* InfoPlist.strings */; };
		1DB54EDE198BD3BE00CF8DC9 /* Credits.rtf in Resources */ = {isa = PBXBuildFile; fileRef = 1DB54EDB198BD3BE00CF8DC9 /* Credits.rtf */; };
		1DB54EE3198BD3CC00CF8DC9 /* main.m in Sources */ = {isa = PBXBuildFile; fileRef = 1DB54EE1198BD3CC00CF8DC9 /* main.m */; };
		1DB54EE6198BD3F000CF8DC9 /* NicoLiveAlert.m in Sources */ = {isa = PBXBuildFile; fileRef = 1DB54EE4198BD3F000CF8DC9 /* NicoLiveAlert.m */; };
		1DB54EE7198BD3F000CF8DC9 /* NicoLiveAlert.m in Sources */ = {isa = PBXBuildFile; fileRef = 1DB54EE4198BD3F000CF8DC9 /* NicoLiveAlert.m */; };
		1DECEA45199466F6000C99E4 /* watch.png in Resources */ = {isa = PBXBuildFile; fileRef = 1DECEA39199466F6000C99E4 /* watch.png */; };
		1DECEA46199466F6000C99E4 /* watch.png in Resources */ = {isa = PBXBuildFile; fileRef = 1DECEA39199466F6000C99E4 /* watch.png */; };
		1DECEA47199466F6000C99E4 /* sbicon.png in Resources */ = {isa = PBXBuildFile; fileRef = 1DECEA3A199466F6000C99E4 /* sbicon.png */; };
		1DECEA48199466F6000C99E4 /* sbicon.png in Resources */ = {isa = PBXBuildFile; fileRef = 1DECEA3A199466F6000C99E4 /* sbicon.png */; };
		1DECEA49199466F6000C99E4 /* NicoLiveAlert.icns in Resources */ = {isa = PBXBuildFile; fileRef = 1DECEA3B199466F6000C99E4 /* NicoLiveAlert.icns */; };
		1DECEA4A199466F6000C99E4 /* NicoLiveAlert.icns in Resources */ = {isa = PBXBuildFile; fileRef = 1DECEA3B199466F6000C99E4 /* NicoLiveAlert.icns */; };
		1DECEA4B199466F6000C99E4 /* keys.png in Resources */ = {isa = PBXBuildFile; fileRef = 1DECEA3C199466F6000C99E4 /* keys.png */; };
		1DECEA4C199466F6000C99E4 /* keys.png in Resources */ = {isa = PBXBuildFile; fileRef = 1DECEA3C199466F6000C99E4 /* keys.png */; };
		1DECEA4D199466F6000C99E4 /* Key.png in Resources */ = {isa = PBXBuildFile; fileRef = 1DECEA3D199466F6000C99E4 /* Key.png */; };
		1DECEA4E199466F6000C99E4 /* Key.png in Resources */ = {isa = PBXBuildFile; fileRef = 1DECEA3D199466F6000C99E4 /* Key.png */; };
		1DECEA4F199466F6000C99E4 /* invisible.png in Resources */ = {isa = PBXBuildFile; fileRef = 1DECEA3E199466F6000C99E4 /* invisible.png */; };
		1DECEA50199466F6000C99E4 /* invisible.png in Resources */ = {isa = PBXBuildFile; fileRef = 1DECEA3E199466F6000C99E4 /* invisible.png */; };
		1DECEA51199466F6000C99E4 /* idle.png in Resources */ = {isa = PBXBuildFile; fileRef = 1DECEA3F199466F6000C99E4 /* idle.png */; };
		1DECEA52199466F6000C99E4 /* idle.png in Resources */ = {isa = PBXBuildFile; fileRef = 1DECEA3F199466F6000C99E4 /* idle.png */; };
		1DECEA53199466F6000C99E4 /* Growl.png in Resources */ = {isa = PBXBuildFile; fileRef = 1DECEA40199466F6000C99E4 /* Growl.png */; };
		1DECEA54199466F6000C99E4 /* Growl.png in Resources */ = {isa = PBXBuildFile; fileRef = 1DECEA40199466F6000C99E4 /* Growl.png */; };
		1DECEA55199466F6000C99E4 /* Bell.png in Resources */ = {isa = PBXBuildFile; fileRef = 1DECEA41199466F6000C99E4 /* Bell.png */; };
		1DECEA56199466F6000C99E4 /* Bell.png in Resources */ = {isa = PBXBuildFile; fileRef = 1DECEA41199466F6000C99E4 /* Bell.png */; };
		1DECEA57199466F6000C99E4 /* away.png in Resources */ = {isa = PBXBuildFile; fileRef = 1DECEA42199466F6000C99E4 /* away.png */; };
		1DECEA58199466F6000C99E4 /* away.png in Resources */ = {isa = PBXBuildFile; fileRef = 1DECEA42199466F6000C99E4 /* away.png */; };
		1DECEA59199466F6000C99E4 /* available.png in Resources */ = {isa = PBXBuildFile; fileRef = 1DECEA43199466F6000C99E4 /* available.png */; };
		1DECEA5A199466F6000C99E4 /* available.png in Resources */ = {isa = PBXBuildFile; fileRef = 1DECEA43199466F6000C99E4 /* available.png */; };
		1DECEA5B199466F6000C99E4 /* Accounts.png in Resources */ = {isa = PBXBuildFile; fileRef = 1DECEA44199466F6000C99E4 /* Accounts.png */; };
		1DECEA5C199466F6000C99E4 /* Accounts.png in Resources */ = {isa = PBXBuildFile; fileRef = 1DECEA44199466F6000C99E4 /* Accounts.png */; };
		1DECEA5F1994D445000C99E4 /* NLAStatusbar.m in Sources */ = {isa = PBXBuildFile; fileRef = 1DECEA5E1994D445000C99E4 /* NLAStatusbar.m */; };
		1DECEA601994D445000C99E4 /* NLAStatusbar.m in Sources */ = {isa = PBXBuildFile; fileRef = 1DECEA5E1994D445000C99E4 /* NLAStatusbar.m */; };
		1DECEA641994FC48000C99E4 /* Localizable.strings in Resources */ = {isa = PBXBuildFile; fileRef = 1DECEA611994FC48000C99E4 /* Localizable.strings */; };
		1DECEA651994FC48000C99E4 /* Localizable.strings in Resources */ = {isa = PBXBuildFile; fileRef = 1DECEA611994FC48000C99E4 /* Localizable.strings */; };
		1DECEA661994FC48000C99E4 /* NicoLiveAlert-Info.plist in Resources */ = {isa = PBXBuildFile; fileRef = 1DB54EDF198BD3CC00CF8DC9 /* NicoLiveAlert-Info.plist */; };
		1DEE0966198279CA00A0A76D /* Cocoa.framework in Frameworks */ = {isa = PBXBuildFile; fileRef = 1DEE0965198279CA00A0A76D /* Cocoa.framework */; };
		1DEE097E198279CA00A0A76D /* Images.xcassets in Resources */ = {isa = PBXBuildFile; fileRef = 1DEE097D198279CA00A0A76D /* Images.xcassets */; };
		1DEE0985198279CA00A0A76D /* XCTest.framework in Frameworks */ = {isa = PBXBuildFile; fileRef = 1DEE0984198279CA00A0A76D /* XCTest.framework */; };
		1DEE0986198279CA00A0A76D /* Cocoa.framework in Frameworks */ = {isa = PBXBuildFile; fileRef = 1DEE0965198279CA00A0A76D /* Cocoa.framework */; };
		1DEE098E198279CA00A0A76D /* InfoPlist.strings in Resources */ = {isa = PBXBuildFile; fileRef = 1DEE098C198279CA00A0A76D /* InfoPlist.strings */; };
		1DEE0990198279CA00A0A76D /* NicoLiveAlertTests.m in Sources */ = {isa = PBXBuildFile; fileRef = 1DEE098F198279CA00A0A76D /* NicoLiveAlertTests.m */; };
/* End PBXBuildFile section */

/* Begin PBXContainerItemProxy section */
		1D1E2EC6198BD084005EBA97 /* PBXContainerItemProxy */ = {
			isa = PBXContainerItemProxy;
			containerPortal = 1DEE095A198279CA00A0A76D /* Project object */;
			proxyType = 1;
			remoteGlobalIDString = 1DEE0961198279CA00A0A76D;
			remoteInfo = NicoLiveAlert;
		};
		1D1E2EC8198BD084005EBA97 /* PBXContainerItemProxy */ = {
			isa = PBXContainerItemProxy;
			containerPortal = 1DEE095A198279CA00A0A76D /* Project object */;
			proxyType = 1;
			remoteGlobalIDString = 1DEE0961198279CA00A0A76D;
			remoteInfo = NicoLiveAlert;
		};
		1DEE0987198279CA00A0A76D /* PBXContainerItemProxy */ = {
			isa = PBXContainerItemProxy;
			containerPortal = 1DEE095A198279CA00A0A76D /* Project object */;
			proxyType = 1;
			remoteGlobalIDString = 1DEE0961198279CA00A0A76D;
			remoteInfo = NicoLiveAlert;
		};
/* End PBXContainerItemProxy section */

/* Begin PBXCopyFilesBuildPhase section */
		1DABC834199014ED00D47B47 /* Copy Frameworks */ = {
			isa = PBXCopyFilesBuildPhase;
			buildActionMask = 2147483647;
			dstPath = "";
			dstSubfolderSpec = 10;
			files = (
				1DABC8351990151000D47B47 /* CocoaOniguruma.framework in Copy Frameworks */,
				1DABC8361990151000D47B47 /* Growl.framework in Copy Frameworks */,
				1DABC8371990151000D47B47 /* Sparkle.framework in Copy Frameworks */,
			);
			name = "Copy Frameworks";
			runOnlyForDeploymentPostprocessing = 0;
		};
/* End PBXCopyFilesBuildPhase section */

/* Begin PBXFileReference section */
		1D00A8A11993CE3000ACF48C /* MASPreferencesWindowController.m */ = {isa = PBXFileReference; fileEncoding = 4; lastKnownFileType = sourcecode.c.objc; name = MASPreferencesWindowController.m; path = External/MASPreferences/MASPreferencesWindowController.m; sourceTree = "<group>"; };
		1D00A8A21993CE3000ACF48C /* MASPreferencesWindowController.h */ = {isa = PBXFileReference; fileEncoding = 4; lastKnownFileType = sourcecode.c.h; name = MASPreferencesWindowController.h; path = External/MASPreferences/MASPreferencesWindowController.h; sourceTree = "<group>"; };
		1D00A8A31993CE3000ACF48C /* MASPreferencesWindow.xib */ = {isa = PBXFileReference; fileEncoding = 4; lastKnownFileType = file.xib; name = MASPreferencesWindow.xib; path = External/MASPreferences/MASPreferencesWindow.xib; sourceTree = "<group>"; };
		1D00A8A41993CE3000ACF48C /* MASPreferencesViewController.h */ = {isa = PBXFileReference; fileEncoding = 4; lastKnownFileType = sourcecode.c.h; name = MASPreferencesViewController.h; path = External/MASPreferences/MASPreferencesViewController.h; sourceTree = "<group>"; };
		1D00A8AA1993CF5D00ACF48C /* UsersDefaults.plist */ = {isa = PBXFileReference; fileEncoding = 4; lastKnownFileType = text.plist.xml; name = UsersDefaults.plist; path = PreferencePanels/UsersDefaults.plist; sourceTree = "<group>"; };
		1D00A8AB1993CF5D00ACF48C /* NLAGeneralPreferenceViewController.m */ = {isa = PBXFileReference; fileEncoding = 4; lastKnownFileType = sourcecode.c.objc; name = NLAGeneralPreferenceViewController.m; path = PreferencePanels/NLAGeneralPreferenceViewController.m; sourceTree = "<group>"; };
		1D00A8AC1993CF5D00ACF48C /* NLAGeneralPreferenceViewController.h */ = {isa = PBXFileReference; fileEncoding = 4; lastKnownFileType = sourcecode.c.h; name = NLAGeneralPreferenceViewController.h; path = PreferencePanels/NLAGeneralPreferenceViewController.h; sourceTree = "<group>"; };
		1D00A8AD1993CF5D00ACF48C /* NicoLiveAlertPreferencesDefinitions.h */ = {isa = PBXFileReference; fileEncoding = 4; lastKnownFileType = sourcecode.c.h; name = NicoLiveAlertPreferencesDefinitions.h; path = PreferencePanels/NicoLiveAlertPreferencesDefinitions.h; sourceTree = "<group>"; };
		1D00A8B31993CF7200ACF48C /* en */ = {isa = PBXFileReference; lastKnownFileType = file.xib; name = en; path = Localizeable/en.lproj/NLAGeneralPreferenceView.xib; sourceTree = "<group>"; };
		1D00A8B61993CFB000ACF48C /* NLANotiryPreferenceViewController.m */ = {isa = PBXFileReference; fileEncoding = 4; lastKnownFileType = sourcecode.c.objc; name = NLANotiryPreferenceViewController.m; path = PreferencePanels/NLANotiryPreferenceViewController.m; sourceTree = "<group>"; };
		1D00A8B71993CFB000ACF48C /* NLANotiryPreferenceViewController.h */ = {isa = PBXFileReference; fileEncoding = 4; lastKnownFileType = sourcecode.c.h; name = NLANotiryPreferenceViewController.h; path = PreferencePanels/NLANotiryPreferenceViewController.h; sourceTree = "<group>"; };
		1D00A8BB1993CFD500ACF48C /* en */ = {isa = PBXFileReference; lastKnownFileType = file.xib; name = en; path = Localizeable/en.lproj/NLANotiryPreferenceView.xib; sourceTree = "<group>"; };
		1D00A8BE1993D00600ACF48C /* NLAWatchlistPreferenceViewController.m */ = {isa = PBXFileReference; fileEncoding = 4; lastKnownFileType = sourcecode.c.objc; name = NLAWatchlistPreferenceViewController.m; path = PreferencePanels/NLAWatchlistPreferenceViewController.m; sourceTree = "<group>"; };
		1D00A8BF1993D00600ACF48C /* NLAWatchlistPreferenceViewController.h */ = {isa = PBXFileReference; fileEncoding = 4; lastKnownFileType = sourcecode.c.h; name = NLAWatchlistPreferenceViewController.h; path = PreferencePanels/NLAWatchlistPreferenceViewController.h; sourceTree = "<group>"; };
		1D00A8C31993D02000ACF48C /* en */ = {isa = PBXFileReference; lastKnownFileType = file.xib; name = en; path = Localizeable/en.lproj/NLAWatchlistPreferenceView.xib; sourceTree = "<group>"; };
		1D00A8C71993D06100ACF48C /* en */ = {isa = PBXFileReference; lastKnownFileType = file.xib; name = en; path = Localizeable/en.lproj/NLAAccountPreferenceView.xib; sourceTree = "<group>"; };
		1D00A8C81993D06100ACF48C /* NLAAccountPreferenceViewController.m */ = {isa = PBXFileReference; fileEncoding = 4; lastKnownFileType = sourcecode.c.objc; name = NLAAccountPreferenceViewController.m; path = PreferencePanels/NLAAccountPreferenceViewController.m; sourceTree = "<group>"; };
		1D00A8C91993D06100ACF48C /* NLAAccountPreferenceViewController.h */ = {isa = PBXFileReference; fileEncoding = 4; lastKnownFileType = sourcecode.c.h; name = NLAAccountPreferenceViewController.h; path = PreferencePanels/NLAAccountPreferenceViewController.h; sourceTree = "<group>"; };
		1D00A8D01993EA4300ACF48C /* IntermidiatePath.h */ = {isa = PBXFileReference; fileEncoding = 4; lastKnownFileType = sourcecode.c.h; name = IntermidiatePath.h; path = Common/IntermidiatePath.h; sourceTree = "<group>"; };
		1D00A8D11993EA4300ACF48C /* IntermidiatePath.c */ = {isa = PBXFileReference; fileEncoding = 4; lastKnownFileType = sourcecode.c.c; name = IntermidiatePath.c; path = Common/IntermidiatePath.c; sourceTree = "<group>"; };
		1D00A8D21993EA4300ACF48C /* AudioDeviceList.h */ = {isa = PBXFileReference; fileEncoding = 4; lastKnownFileType = sourcecode.c.h; name = AudioDeviceList.h; path = Common/AudioDeviceList.h; sourceTree = "<group>"; };
		1D00A8D31993EA4300ACF48C /* AudioDeviceList.c */ = {isa = PBXFileReference; fileEncoding = 4; lastKnownFileType = sourcecode.c.c; name = AudioDeviceList.c; path = Common/AudioDeviceList.c; sourceTree = "<group>"; };
		1D00A8D81993EA6000ACF48C /* NSString+Oniguruma.m */ = {isa = PBXFileReference; fileEncoding = 4; lastKnownFileType = sourcecode.c.objc; name = "NSString+Oniguruma.m"; path = "Cocoa Enhance/NSString+Oniguruma.m"; sourceTree = "<group>"; };
		1D00A8D91993EA6000ACF48C /* NSString+Oniguruma.h */ = {isa = PBXFileReference; fileEncoding = 4; lastKnownFileType = sourcecode.c.h; name = "NSString+Oniguruma.h"; path = "Cocoa Enhance/NSString+Oniguruma.h"; sourceTree = "<group>"; };
		1D00A8DD1993EB3300ACF48C /* CoreFoundation.framework */ = {isa = PBXFileReference; lastKnownFileType = wrapper.framework; name = CoreFoundation.framework; path = System/Library/Frameworks/CoreFoundation.framework; sourceTree = SDKROOT; };
		1D1D09C3198BD376002B88EE /* en */ = {isa = PBXFileReference; lastKnownFileType = file.xib; name = en; path = Localizeable/en.lproj/NicoLiveAlert.xib; sourceTree = "<group>"; };
		1D895B6F198CCDA700D3E89E /* CocoaOniguruma.framework */ = {isa = PBXFileReference; lastKnownFileType = wrapper.framework; name = CocoaOniguruma.framework; path = Frameworks/CocoaOniguruma.framework; sourceTree = SOURCE_ROOT; };
		1D895B70198CCDA700D3E89E /* Growl.framework */ = {isa = PBXFileReference; lastKnownFileType = wrapper.framework; name = Growl.framework; path = Frameworks/Growl.framework; sourceTree = SOURCE_ROOT; };
		1DABC8311990141E00D47B47 /* Sparkle.framework */ = {isa = PBXFileReference; lastKnownFileType = wrapper.framework; name = Sparkle.framework; path = Frameworks/Sparkle.framework; sourceTree = SOURCE_ROOT; };
		1DB54EDA198BD3BE00CF8DC9 /* en */ = {isa = PBXFileReference; lastKnownFileType = text.plist.strings; name = en; path = Localizeable/en.lproj/InfoPlist.strings; sourceTree = "<group>"; };
		1DB54EDC198BD3BE00CF8DC9 /* en */ = {isa = PBXFileReference; lastKnownFileType = text.rtf; name = en; path = Localizeable/en.lproj/Credits.rtf; sourceTree = "<group>"; };
		1DB54EDF198BD3CC00CF8DC9 /* NicoLiveAlert-Info.plist */ = {isa = PBXFileReference; fileEncoding = 4; lastKnownFileType = text.plist.xml; name = "NicoLiveAlert-Info.plist"; path = "Supporting Files/NicoLiveAlert-Info.plist"; sourceTree = "<group>"; };
		1DB54EE0198BD3CC00CF8DC9 /* NicoLiveAlert-Prefix.pch */ = {isa = PBXFileReference; fileEncoding = 4; lastKnownFileType = sourcecode.c.h; name = "NicoLiveAlert-Prefix.pch"; path = "Supporting Files/NicoLiveAlert-Prefix.pch"; sourceTree = "<group>"; };
		1DB54EE1198BD3CC00CF8DC9 /* main.m */ = {isa = PBXFileReference; fileEncoding = 4; lastKnownFileType = sourcecode.c.objc; name = main.m; path = "Supporting Files/main.m"; sourceTree = "<group>"; };
		1DB54EE4198BD3F000CF8DC9 /* NicoLiveAlert.m */ = {isa = PBXFileReference; fileEncoding = 4; lastKnownFileType = sourcecode.c.objc; name = NicoLiveAlert.m; path = Application/NicoLiveAlert.m; sourceTree = "<group>"; };
		1DB54EE5198BD3F000CF8DC9 /* NicoLiveAlert.h */ = {isa = PBXFileReference; fileEncoding = 4; lastKnownFileType = sourcecode.c.h; name = NicoLiveAlert.h; path = Application/NicoLiveAlert.h; sourceTree = "<group>"; };
		1DECEA39199466F6000C99E4 /* watch.png */ = {isa = PBXFileReference; lastKnownFileType = image.png; name = watch.png; path = Images.xcassets/watch.png; sourceTree = "<group>"; };
		1DECEA3A199466F6000C99E4 /* sbicon.png */ = {isa = PBXFileReference; lastKnownFileType = image.png; name = sbicon.png; path = Images.xcassets/sbicon.png; sourceTree = "<group>"; };
		1DECEA3B199466F6000C99E4 /* NicoLiveAlert.icns */ = {isa = PBXFileReference; lastKnownFileType = image.icns; name = NicoLiveAlert.icns; path = Images.xcassets/NicoLiveAlert.icns; sourceTree = "<group>"; };
		1DECEA3C199466F6000C99E4 /* keys.png */ = {isa = PBXFileReference; lastKnownFileType = image.png; name = keys.png; path = Images.xcassets/keys.png; sourceTree = "<group>"; };
		1DECEA3D199466F6000C99E4 /* Key.png */ = {isa = PBXFileReference; lastKnownFileType = image.png; name = Key.png; path = Images.xcassets/Key.png; sourceTree = "<group>"; };
		1DECEA3E199466F6000C99E4 /* invisible.png */ = {isa = PBXFileReference; lastKnownFileType = image.png; name = invisible.png; path = Images.xcassets/invisible.png; sourceTree = "<group>"; };
		1DECEA3F199466F6000C99E4 /* idle.png */ = {isa = PBXFileReference; lastKnownFileType = image.png; name = idle.png; path = Images.xcassets/idle.png; sourceTree = "<group>"; };
		1DECEA40199466F6000C99E4 /* Growl.png */ = {isa = PBXFileReference; lastKnownFileType = image.png; name = Growl.png; path = Images.xcassets/Growl.png; sourceTree = "<group>"; };
		1DECEA41199466F6000C99E4 /* Bell.png */ = {isa = PBXFileReference; lastKnownFileType = image.png; name = Bell.png; path = Images.xcassets/Bell.png; sourceTree = "<group>"; };
		1DECEA42199466F6000C99E4 /* away.png */ = {isa = PBXFileReference; lastKnownFileType = image.png; name = away.png; path = Images.xcassets/away.png; sourceTree = "<group>"; };
		1DECEA43199466F6000C99E4 /* available.png */ = {isa = PBXFileReference; lastKnownFileType = image.png; name = available.png; path = Images.xcassets/available.png; sourceTree = "<group>"; };
		1DECEA44199466F6000C99E4 /* Accounts.png */ = {isa = PBXFileReference; lastKnownFileType = image.png; name = Accounts.png; path = Images.xcassets/Accounts.png; sourceTree = "<group>"; };
		1DECEA5D1994D445000C99E4 /* NLAStatusbar.h */ = {isa = PBXFileReference; fileEncoding = 4; lastKnownFileType = sourcecode.c.h; name = NLAStatusbar.h; path = Application/NLAStatusbar.h; sourceTree = "<group>"; };
		1DECEA5E1994D445000C99E4 /* NLAStatusbar.m */ = {isa = PBXFileReference; fileEncoding = 4; lastKnownFileType = sourcecode.c.objc; name = NLAStatusbar.m; path = Application/NLAStatusbar.m; sourceTree = "<group>"; };
		1DECEA621994FC48000C99E4 /* en */ = {isa = PBXFileReference; lastKnownFileType = text.plist.strings; name = en; path = Localizeable/en.lproj/Localizable.strings; sourceTree = "<group>"; };
		1DECEA631994FC48000C99E4 /* ja */ = {isa = PBXFileReference; lastKnownFileType = text.plist.strings; name = ja; path = Localizeable/ja.lproj/Localizable.strings; sourceTree = "<group>"; };
		1DEE0962198279CA00A0A76D /* NicoLiveAlert.app */ = {isa = PBXFileReference; explicitFileType = wrapper.application; includeInIndex = 0; path = NicoLiveAlert.app; sourceTree = BUILT_PRODUCTS_DIR; };
		1DEE0965198279CA00A0A76D /* Cocoa.framework */ = {isa = PBXFileReference; lastKnownFileType = wrapper.framework; name = Cocoa.framework; path = System/Library/Frameworks/Cocoa.framework; sourceTree = SDKROOT; };
		1DEE0968198279CA00A0A76D /* AppKit.framework */ = {isa = PBXFileReference; lastKnownFileType = wrapper.framework; name = AppKit.framework; path = System/Library/Frameworks/AppKit.framework; sourceTree = SDKROOT; };
		1DEE0969198279CA00A0A76D /* CoreData.framework */ = {isa = PBXFileReference; lastKnownFileType = wrapper.framework; name = CoreData.framework; path = System/Library/Frameworks/CoreData.framework; sourceTree = SDKROOT; };
		1DEE096A198279CA00A0A76D /* Foundation.framework */ = {isa = PBXFileReference; lastKnownFileType = wrapper.framework; name = Foundation.framework; path = System/Library/Frameworks/Foundation.framework; sourceTree = SDKROOT; };
		1DEE097D198279CA00A0A76D /* Images.xcassets */ = {isa = PBXFileReference; lastKnownFileType = folder.assetcatalog; path = Images.xcassets; sourceTree = "<group>"; };
		1DEE0983198279CA00A0A76D /* NicoLiveAlertTests.xctest */ = {isa = PBXFileReference; explicitFileType = wrapper.cfbundle; includeInIndex = 0; path = NicoLiveAlertTests.xctest; sourceTree = BUILT_PRODUCTS_DIR; };
		1DEE0984198279CA00A0A76D /* XCTest.framework */ = {isa = PBXFileReference; lastKnownFileType = wrapper.framework; name = XCTest.framework; path = Library/Frameworks/XCTest.framework; sourceTree = DEVELOPER_DIR; };
		1DEE098B198279CA00A0A76D /* NicoLiveAlertTests-Info.plist */ = {isa = PBXFileReference; lastKnownFileType = text.plist.xml; path = "NicoLiveAlertTests-Info.plist"; sourceTree = "<group>"; };
		1DEE098D198279CA00A0A76D /* en */ = {isa = PBXFileReference; lastKnownFileType = text.plist.strings; name = en; path = en.lproj/InfoPlist.strings; sourceTree = "<group>"; };
		1DEE098F198279CA00A0A76D /* NicoLiveAlertTests.m */ = {isa = PBXFileReference; lastKnownFileType = sourcecode.c.objc; path = NicoLiveAlertTests.m; sourceTree = "<group>"; };
/* End PBXFileReference section */

/* Begin PBXFrameworksBuildPhase section */
		1DEE095F198279CA00A0A76D /* Frameworks */ = {
			isa = PBXFrameworksBuildPhase;
			buildActionMask = 2147483647;
			files = (
				1D00A8DC1993EAE500ACF48C /* Foundation.framework in Frameworks */,
				1D00A8DE1993EB3300ACF48C /* CoreFoundation.framework in Frameworks */,
				1D895B71198CCDA700D3E89E /* CocoaOniguruma.framework in Frameworks */,
				1DEE0966198279CA00A0A76D /* Cocoa.framework in Frameworks */,
				1D895B73198CCDA700D3E89E /* Growl.framework in Frameworks */,
				1DABC8321990141E00D47B47 /* Sparkle.framework in Frameworks */,
			);
			runOnlyForDeploymentPostprocessing = 0;
		};
		1DEE0980198279CA00A0A76D /* Frameworks */ = {
			isa = PBXFrameworksBuildPhase;
			buildActionMask = 2147483647;
			files = (
				1D895B72198CCDA700D3E89E /* CocoaOniguruma.framework in Frameworks */,
				1DEE0986198279CA00A0A76D /* Cocoa.framework in Frameworks */,
				1DABC8331990141E00D47B47 /* Sparkle.framework in Frameworks */,
				1D895B74198CCDA700D3E89E /* Growl.framework in Frameworks */,
				1DEE0985198279CA00A0A76D /* XCTest.framework in Frameworks */,
			);
			runOnlyForDeploymentPostprocessing = 0;
		};
/* End PBXFrameworksBuildPhase section */

/* Begin PBXGroup section */
		1D00A8A01993CD5E00ACF48C /* External */ = {
			isa = PBXGroup;
			children = (
				1D00A8A11993CE3000ACF48C /* MASPreferencesWindowController.m */,
				1D00A8A21993CE3000ACF48C /* MASPreferencesWindowController.h */,
				1D00A8A31993CE3000ACF48C /* MASPreferencesWindow.xib */,
				1D00A8A41993CE3000ACF48C /* MASPreferencesViewController.h */,
			);
			name = External;
			sourceTree = "<group>";
		};
		1D00A8A91993CF1F00ACF48C /* Preference */ = {
			isa = PBXGroup;
			children = (
				1D00A8AA1993CF5D00ACF48C /* UsersDefaults.plist */,
				1D00A8AD1993CF5D00ACF48C /* NicoLiveAlertPreferencesDefinitions.h */,
				1D00A8AC1993CF5D00ACF48C /* NLAGeneralPreferenceViewController.h */,
				1D00A8AB1993CF5D00ACF48C /* NLAGeneralPreferenceViewController.m */,
				1D00A8B21993CF7200ACF48C /* NLAGeneralPreferenceView.xib */,
				1D00A8BF1993D00600ACF48C /* NLAWatchlistPreferenceViewController.h */,
				1D00A8BE1993D00600ACF48C /* NLAWatchlistPreferenceViewController.m */,
				1D00A8C21993D02000ACF48C /* NLAWatchlistPreferenceView.xib */,
				1D00A8B71993CFB000ACF48C /* NLANotiryPreferenceViewController.h */,
				1D00A8B61993CFB000ACF48C /* NLANotiryPreferenceViewController.m */,
				1D00A8BA1993CFD500ACF48C /* NLANotiryPreferenceView.xib */,
				1D00A8C91993D06100ACF48C /* NLAAccountPreferenceViewController.h */,
				1D00A8C81993D06100ACF48C /* NLAAccountPreferenceViewController.m */,
				1D00A8C61993D06100ACF48C /* NLAAccountPreferenceView.xib */,
			);
			name = Preference;
			sourceTree = "<group>";
		};
		1D00A8CE1993E9CB00ACF48C /* Cocoa Enhance */ = {
			isa = PBXGroup;
			children = (
				1D00A8D91993EA6000ACF48C /* NSString+Oniguruma.h */,
				1D00A8D81993EA6000ACF48C /* NSString+Oniguruma.m */,
			);
			name = "Cocoa Enhance";
			sourceTree = "<group>";
		};
		1D00A8CF1993EA1B00ACF48C /* Common */ = {
			isa = PBXGroup;
			children = (
				1D00A8D01993EA4300ACF48C /* IntermidiatePath.h */,
				1D00A8D11993EA4300ACF48C /* IntermidiatePath.c */,
				1D00A8D21993EA4300ACF48C /* AudioDeviceList.h */,
				1D00A8D31993EA4300ACF48C /* AudioDeviceList.c */,
			);
			name = Common;
			sourceTree = "<group>";
		};
		1D1D09BE198BD304002B88EE /* Application */ = {
			isa = PBXGroup;
			children = (
				1DB54EE5198BD3F000CF8DC9 /* NicoLiveAlert.h */,
				1DB54EE4198BD3F000CF8DC9 /* NicoLiveAlert.m */,
				1D1D09C2198BD376002B88EE /* NicoLiveAlert.xib */,
				1DECEA5D1994D445000C99E4 /* NLAStatusbar.h */,
				1DECEA5E1994D445000C99E4 /* NLAStatusbar.m */,
			);
			name = Application;
			sourceTree = "<group>";
		};
		1D1D09BF198BD30E002B88EE /* Images */ = {
			isa = PBXGroup;
			children = (
				1DECEA39199466F6000C99E4 /* watch.png */,
				1DECEA3A199466F6000C99E4 /* sbicon.png */,
				1DECEA3B199466F6000C99E4 /* NicoLiveAlert.icns */,
				1DECEA3C199466F6000C99E4 /* keys.png */,
				1DECEA3D199466F6000C99E4 /* Key.png */,
				1DECEA3E199466F6000C99E4 /* invisible.png */,
				1DECEA3F199466F6000C99E4 /* idle.png */,
				1DECEA40199466F6000C99E4 /* Growl.png */,
				1DECEA41199466F6000C99E4 /* Bell.png */,
				1DECEA42199466F6000C99E4 /* away.png */,
				1DECEA43199466F6000C99E4 /* available.png */,
				1DECEA44199466F6000C99E4 /* Accounts.png */,
			);
			name = Images;
			path = NicoLiveAlert;
			sourceTree = "<group>";
		};
		1D1D09C0198BD321002B88EE /* Frameworks */ = {
			isa = PBXGroup;
			children = (
				1D00A8DD1993EB3300ACF48C /* CoreFoundation.framework */,
				1D895B6F198CCDA700D3E89E /* CocoaOniguruma.framework */,
				1D895B70198CCDA700D3E89E /* Growl.framework */,
				1DABC8311990141E00D47B47 /* Sparkle.framework */,
			);
			name = Frameworks;
			path = NicoLiveAlert;
			sourceTree = "<group>";
		};
		1DB54EE8198BDFD600CF8DC9 /* Program */ = {
			isa = PBXGroup;
			children = (
			);
			name = Program;
			sourceTree = "<group>";
		};
		1DEE0959198279CA00A0A76D = {
			isa = PBXGroup;
			children = (
				1DEE096B198279CA00A0A76D /* NicoLiveAlert */,
				1D1D09BF198BD30E002B88EE /* Images */,
				1D1D09C0198BD321002B88EE /* Frameworks */,
				1DEE0989198279CA00A0A76D /* NicoLiveAlertTests */,
				1DEE0964198279CA00A0A76D /* Frameworks */,
				1DEE0963198279CA00A0A76D /* Products */,
			);
			sourceTree = "<group>";
		};
		1DEE0963198279CA00A0A76D /* Products */ = {
			isa = PBXGroup;
			children = (
				1DEE0962198279CA00A0A76D /* NicoLiveAlert.app */,
				1DEE0983198279CA00A0A76D /* NicoLiveAlertTests.xctest */,
			);
			name = Products;
			sourceTree = "<group>";
		};
		1DEE0964198279CA00A0A76D /* Frameworks */ = {
			isa = PBXGroup;
			children = (
				1DEE0965198279CA00A0A76D /* Cocoa.framework */,
				1DEE0984198279CA00A0A76D /* XCTest.framework */,
				1DEE0967198279CA00A0A76D /* Other Frameworks */,
			);
			name = Frameworks;
			sourceTree = "<group>";
		};
		1DEE0967198279CA00A0A76D /* Other Frameworks */ = {
			isa = PBXGroup;
			children = (
				1DEE0968198279CA00A0A76D /* AppKit.framework */,
				1DEE0969198279CA00A0A76D /* CoreData.framework */,
				1DEE096A198279CA00A0A76D /* Foundation.framework */,
			);
			name = "Other Frameworks";
			sourceTree = "<group>";
		};
		1DEE096B198279CA00A0A76D /* NicoLiveAlert */ = {
			isa = PBXGroup;
			children = (
				1D1D09BE198BD304002B88EE /* Application */,
				1DB54EE8198BDFD600CF8DC9 /* Program */,
				1DEE097D198279CA00A0A76D /* Images.xcassets */,
				1D00A8A91993CF1F00ACF48C /* Preference */,
				1D00A8CF1993EA1B00ACF48C /* Common */,
				1D00A8CE1993E9CB00ACF48C /* Cocoa Enhance */,
				1DEE096C198279CA00A0A76D /* Supporting Files */,
				1D00A8A01993CD5E00ACF48C /* External */,
			);
			path = NicoLiveAlert;
			sourceTree = "<group>";
		};
		1DEE096C198279CA00A0A76D /* Supporting Files */ = {
			isa = PBXGroup;
			children = (
				1DECEA611994FC48000C99E4 /* Localizable.strings */,
				1DB54ED9198BD3BE00CF8DC9 /* InfoPlist.strings */,
				1DB54EDB198BD3BE00CF8DC9 /* Credits.rtf */,
				1DB54EDF198BD3CC00CF8DC9 /* NicoLiveAlert-Info.plist */,
				1DB54EE0198BD3CC00CF8DC9 /* NicoLiveAlert-Prefix.pch */,
				1DB54EE1198BD3CC00CF8DC9 /* main.m */,
			);
			name = "Supporting Files";
			sourceTree = "<group>";
		};
		1DEE0989198279CA00A0A76D /* NicoLiveAlertTests */ = {
			isa = PBXGroup;
			children = (
				1DEE098F198279CA00A0A76D /* NicoLiveAlertTests.m */,
				1DEE098A198279CA00A0A76D /* Supporting Files */,
			);
			path = NicoLiveAlertTests;
			sourceTree = "<group>";
		};
		1DEE098A198279CA00A0A76D /* Supporting Files */ = {
			isa = PBXGroup;
			children = (
				1DEE098B198279CA00A0A76D /* NicoLiveAlertTests-Info.plist */,
				1DEE098C198279CA00A0A76D /* InfoPlist.strings */,
			);
			name = "Supporting Files";
			sourceTree = "<group>";
		};
/* End PBXGroup section */

/* Begin PBXNativeTarget section */
		1DEE0961198279CA00A0A76D /* NicoLiveAlert */ = {
			isa = PBXNativeTarget;
			buildConfigurationList = 1DEE0993198279CA00A0A76D /* Build configuration list for PBXNativeTarget "NicoLiveAlert" */;
			buildPhases = (
				1DEE095E198279CA00A0A76D /* Sources */,
				1DEE095F198279CA00A0A76D /* Frameworks */,
				1DEE0960198279CA00A0A76D /* Resources */,
				1DABC834199014ED00D47B47 /* Copy Frameworks */,
			);
			buildRules = (
			);
			dependencies = (
			);
			name = NicoLiveAlert;
			productName = NicoLiveAlert;
			productReference = 1DEE0962198279CA00A0A76D /* NicoLiveAlert.app */;
			productType = "com.apple.product-type.application";
		};
		1DEE0982198279CA00A0A76D /* NicoLiveAlertTests */ = {
			isa = PBXNativeTarget;
			buildConfigurationList = 1DEE0996198279CA00A0A76D /* Build configuration list for PBXNativeTarget "NicoLiveAlertTests" */;
			buildPhases = (
				1DEE097F198279CA00A0A76D /* Sources */,
				1DEE0980198279CA00A0A76D /* Frameworks */,
				1DEE0981198279CA00A0A76D /* Resources */,
			);
			buildRules = (
			);
			dependencies = (
				1DEE0988198279CA00A0A76D /* PBXTargetDependency */,
				1D1E2EC7198BD084005EBA97 /* PBXTargetDependency */,
				1D1E2EC9198BD084005EBA97 /* PBXTargetDependency */,
			);
			name = NicoLiveAlertTests;
			productName = NicoLiveAlertTests;
			productReference = 1DEE0983198279CA00A0A76D /* NicoLiveAlertTests.xctest */;
			productType = "com.apple.product-type.bundle.unit-test";
		};
/* End PBXNativeTarget section */

/* Begin PBXProject section */
		1DEE095A198279CA00A0A76D /* Project object */ = {
			isa = PBXProject;
			attributes = {
				LastUpgradeCheck = 0510;
				ORGANIZATIONNAME = "Instrumentality of mankind";
				TargetAttributes = {
					1DEE0982198279CA00A0A76D = {
						TestTargetID = 1DEE0961198279CA00A0A76D;
					};
				};
			};
			buildConfigurationList = 1DEE095D198279CA00A0A76D /* Build configuration list for PBXProject "NicoLiveAlert" */;
			compatibilityVersion = "Xcode 3.2";
			developmentRegion = English;
			hasScannedForEncodings = 0;
			knownRegions = (
				en,
				Base,
				ja,
			);
			mainGroup = 1DEE0959198279CA00A0A76D;
			productRefGroup = 1DEE0963198279CA00A0A76D /* Products */;
			projectDirPath = "";
			projectRoot = "";
			targets = (
				1DEE0961198279CA00A0A76D /* NicoLiveAlert */,
				1DEE0982198279CA00A0A76D /* NicoLiveAlertTests */,
			);
		};
/* End PBXProject section */

/* Begin PBXResourcesBuildPhase section */
		1DEE0960198279CA00A0A76D /* Resources */ = {
			isa = PBXResourcesBuildPhase;
			buildActionMask = 2147483647;
			files = (
				1D00A8B41993CF7200ACF48C /* NLAGeneralPreferenceView.xib in Resources */,
				1DEE097E198279CA00A0A76D /* Images.xcassets in Resources */,
				1DECEA55199466F6000C99E4 /* Bell.png in Resources */,
				1DECEA59199466F6000C99E4 /* available.png in Resources */,
				1DB54EDE198BD3BE00CF8DC9 /* Credits.rtf in Resources */,
				1DECEA4D199466F6000C99E4 /* Key.png in Resources */,
				1DECEA57199466F6000C99E4 /* away.png in Resources */,
				1DECEA47199466F6000C99E4 /* sbicon.png in Resources */,
				1D00A8A71993CE3000ACF48C /* MASPreferencesWindow.xib in Resources */,
				1DECEA4F199466F6000C99E4 /* invisible.png in Resources */,
				1D1D09C4198BD376002B88EE /* NicoLiveAlert.xib in Resources */,
				1DECEA53199466F6000C99E4 /* Growl.png in Resources */,
				1DECEA49199466F6000C99E4 /* NicoLiveAlert.icns in Resources */,
				1DECEA641994FC48000C99E4 /* Localizable.strings in Resources */,
				1D00A8BC1993CFD500ACF48C /* NLANotiryPreferenceView.xib in Resources */,
				1DB54EDD198BD3BE00CF8DC9 /* InfoPlist.strings in Resources */,
				1DECEA51199466F6000C99E4 /* idle.png in Resources */,
				1D00A8C41993D02000ACF48C /* NLAWatchlistPreferenceView.xib in Resources */,
				1D00A8CA1993D06100ACF48C /* NLAAccountPreferenceView.xib in Resources */,
				1DECEA4B199466F6000C99E4 /* keys.png in Resources */,
				1D00A8AE1993CF5D00ACF48C /* UsersDefaults.plist in Resources */,
				1DECEA45199466F6000C99E4 /* watch.png in Resources */,
				1DECEA5B199466F6000C99E4 /* Accounts.png in Resources */,
			);
			runOnlyForDeploymentPostprocessing = 0;
		};
		1DEE0981198279CA00A0A76D /* Resources */ = {
			isa = PBXResourcesBuildPhase;
			buildActionMask = 2147483647;
			files = (
				1DECEA4C199466F6000C99E4 /* keys.png in Resources */,
				1D00A8B51993CF7200ACF48C /* NLAGeneralPreferenceView.xib in Resources */,
				1DECEA48199466F6000C99E4 /* sbicon.png in Resources */,
				1DECEA4E199466F6000C99E4 /* Key.png in Resources */,
				1DECEA4A199466F6000C99E4 /* NicoLiveAlert.icns in Resources */,
				1DECEA651994FC48000C99E4 /* Localizable.strings in Resources */,
				1DECEA661994FC48000C99E4 /* NicoLiveAlert-Info.plist in Resources */,
				1DECEA52199466F6000C99E4 /* idle.png in Resources */,
				1D00A8C51993D02000ACF48C /* NLAWatchlistPreferenceView.xib in Resources */,
				1D00A8BD1993CFD500ACF48C /* NLANotiryPreferenceView.xib in Resources */,
				1DECEA46199466F6000C99E4 /* watch.png in Resources */,
				1D00A8CB1993D06100ACF48C /* NLAAccountPreferenceView.xib in Resources */,
				1DECEA56199466F6000C99E4 /* Bell.png in Resources */,
				1DECEA5C199466F6000C99E4 /* Accounts.png in Resources */,
				1D00A8A81993CE3000ACF48C /* MASPreferencesWindow.xib in Resources */,
				1DECEA50199466F6000C99E4 /* invisible.png in Resources */,
				1DECEA5A199466F6000C99E4 /* available.png in Resources */,
				1D00A8AF1993CF5D00ACF48C /* UsersDefaults.plist in Resources */,
				1DECEA54199466F6000C99E4 /* Growl.png in Resources */,
				1DEE098E198279CA00A0A76D /* InfoPlist.strings in Resources */,
				1DECEA58199466F6000C99E4 /* away.png in Resources */,
			);
			runOnlyForDeploymentPostprocessing = 0;
		};
/* End PBXResourcesBuildPhase section */

/* Begin PBXSourcesBuildPhase section */
		1DEE095E198279CA00A0A76D /* Sources */ = {
			isa = PBXSourcesBuildPhase;
			buildActionMask = 2147483647;
			files = (
				1D00A8B01993CF5D00ACF48C /* NLAGeneralPreferenceViewController.m in Sources */,
				1D00A8DA1993EA6000ACF48C /* NSString+Oniguruma.m in Sources */,
				1DB54EE6198BD3F000CF8DC9 /* NicoLiveAlert.m in Sources */,
				1DECEA5F1994D445000C99E4 /* NLAStatusbar.m in Sources */,
				1D00A8D61993EA4300ACF48C /* AudioDeviceList.c in Sources */,
				1D00A8CC1993D06100ACF48C /* NLAAccountPreferenceViewController.m in Sources */,
				1D00A8B81993CFB000ACF48C /* NLANotiryPreferenceViewController.m in Sources */,
				1D00A8C01993D00600ACF48C /* NLAWatchlistPreferenceViewController.m in Sources */,
				1D00A8A51993CE3000ACF48C /* MASPreferencesWindowController.m in Sources */,
				1DB54EE3198BD3CC00CF8DC9 /* main.m in Sources */,
				1D00A8D41993EA4300ACF48C /* IntermidiatePath.c in Sources */,
			);
			runOnlyForDeploymentPostprocessing = 0;
		};
		1DEE097F198279CA00A0A76D /* Sources */ = {
			isa = PBXSourcesBuildPhase;
			buildActionMask = 2147483647;
			files = (
				1D00A8B11993CF5D00ACF48C /* NLAGeneralPreferenceViewController.m in Sources */,
				1D00A8DB1993EA6000ACF48C /* NSString+Oniguruma.m in Sources */,
				1DEE0990198279CA00A0A76D /* NicoLiveAlertTests.m in Sources */,
				1DECEA601994D445000C99E4 /* NLAStatusbar.m in Sources */,
				1D00A8D71993EA4300ACF48C /* AudioDeviceList.c in Sources */,
				1D00A8CD1993D06100ACF48C /* NLAAccountPreferenceViewController.m in Sources */,
				1D00A8B91993CFB000ACF48C /* NLANotiryPreferenceViewController.m in Sources */,
				1D00A8C11993D00600ACF48C /* NLAWatchlistPreferenceViewController.m in Sources */,
				1D00A8A61993CE3000ACF48C /* MASPreferencesWindowController.m in Sources */,
				1DB54EE7198BD3F000CF8DC9 /* NicoLiveAlert.m in Sources */,
				1D00A8D51993EA4300ACF48C /* IntermidiatePath.c in Sources */,
			);
			runOnlyForDeploymentPostprocessing = 0;
		};
/* End PBXSourcesBuildPhase section */

/* Begin PBXTargetDependency section */
		1D1E2EC7198BD084005EBA97 /* PBXTargetDependency */ = {
			isa = PBXTargetDependency;
			target = 1DEE0961198279CA00A0A76D /* NicoLiveAlert */;
			targetProxy = 1D1E2EC6198BD084005EBA97 /* PBXContainerItemProxy */;
		};
		1D1E2EC9198BD084005EBA97 /* PBXTargetDependency */ = {
			isa = PBXTargetDependency;
			target = 1DEE0961198279CA00A0A76D /* NicoLiveAlert */;
			targetProxy = 1D1E2EC8198BD084005EBA97 /* PBXContainerItemProxy */;
		};
		1DEE0988198279CA00A0A76D /* PBXTargetDependency */ = {
			isa = PBXTargetDependency;
			target = 1DEE0961198279CA00A0A76D /* NicoLiveAlert */;
			targetProxy = 1DEE0987198279CA00A0A76D /* PBXContainerItemProxy */;
		};
/* End PBXTargetDependency section */

/* Begin PBXVariantGroup section */
		1D00A8B21993CF7200ACF48C /* NLAGeneralPreferenceView.xib */ = {
			isa = PBXVariantGroup;
			children = (
				1D00A8B31993CF7200ACF48C /* en */,
			);
			name = NLAGeneralPreferenceView.xib;
			sourceTree = "<group>";
		};
		1D00A8BA1993CFD500ACF48C /* NLANotiryPreferenceView.xib */ = {
			isa = PBXVariantGroup;
			children = (
				1D00A8BB1993CFD500ACF48C /* en */,
			);
			name = NLANotiryPreferenceView.xib;
			sourceTree = "<group>";
		};
		1D00A8C21993D02000ACF48C /* NLAWatchlistPreferenceView.xib */ = {
			isa = PBXVariantGroup;
			children = (
				1D00A8C31993D02000ACF48C /* en */,
			);
			name = NLAWatchlistPreferenceView.xib;
			sourceTree = "<group>";
		};
		1D00A8C61993D06100ACF48C /* NLAAccountPreferenceView.xib */ = {
			isa = PBXVariantGroup;
			children = (
				1D00A8C71993D06100ACF48C /* en */,
			);
			name = NLAAccountPreferenceView.xib;
			sourceTree = "<group>";
		};
		1D1D09C2198BD376002B88EE /* NicoLiveAlert.xib */ = {
			isa = PBXVariantGroup;
			children = (
				1D1D09C3198BD376002B88EE /* en */,
			);
			name = NicoLiveAlert.xib;
			sourceTree = "<group>";
		};
		1DB54ED9198BD3BE00CF8DC9 /* InfoPlist.strings */ = {
			isa = PBXVariantGroup;
			children = (
				1DB54EDA198BD3BE00CF8DC9 /* en */,
			);
			name = InfoPlist.strings;
			sourceTree = "<group>";
		};
		1DB54EDB198BD3BE00CF8DC9 /* Credits.rtf */ = {
			isa = PBXVariantGroup;
			children = (
				1DB54EDC198BD3BE00CF8DC9 /* en */,
			);
			name = Credits.rtf;
			sourceTree = "<group>";
		};
		1DECEA611994FC48000C99E4 /* Localizable.strings */ = {
			isa = PBXVariantGroup;
			children = (
				1DECEA621994FC48000C99E4 /* en */,
				1DECEA631994FC48000C99E4 /* ja */,
			);
			name = Localizable.strings;
			sourceTree = "<group>";
		};
		1DEE098C198279CA00A0A76D /* InfoPlist.strings */ = {
			isa = PBXVariantGroup;
			children = (
				1DEE098D198279CA00A0A76D /* en */,
			);
			name = InfoPlist.strings;
			sourceTree = "<group>";
		};
/* End PBXVariantGroup section */

/* Begin XCBuildConfiguration section */
		1DEE0991198279CA00A0A76D /* Debug */ = {
			isa = XCBuildConfiguration;
			buildSettings = {
				ALWAYS_SEARCH_USER_PATHS = NO;
				CLANG_CXX_LANGUAGE_STANDARD = "gnu++0x";
				CLANG_CXX_LIBRARY = "libc++";
				CLANG_ENABLE_MODULES = YES;
				CLANG_ENABLE_OBJC_ARC = YES;
				CLANG_WARN_BOOL_CONVERSION = YES;
				CLANG_WARN_CONSTANT_CONVERSION = YES;
				CLANG_WARN_DIRECT_OBJC_ISA_USAGE = YES_ERROR;
				CLANG_WARN_EMPTY_BODY = YES;
				CLANG_WARN_ENUM_CONVERSION = YES;
				CLANG_WARN_INT_CONVERSION = YES;
				CLANG_WARN_OBJC_ROOT_CLASS = YES_ERROR;
				CLANG_WARN__DUPLICATE_METHOD_MATCH = YES;
				COPY_PHASE_STRIP = NO;
				GCC_C_LANGUAGE_STANDARD = gnu99;
				GCC_DYNAMIC_NO_PIC = NO;
				GCC_ENABLE_OBJC_EXCEPTIONS = YES;
				GCC_OPTIMIZATION_LEVEL = 0;
				GCC_PREPROCESSOR_DEFINITIONS = (
					"DEBUG=1",
					"$(inherited)",
				);
				GCC_SYMBOLS_PRIVATE_EXTERN = NO;
				GCC_WARN_64_TO_32_BIT_CONVERSION = YES;
				GCC_WARN_ABOUT_RETURN_TYPE = YES_ERROR;
				GCC_WARN_UNDECLARED_SELECTOR = YES;
				GCC_WARN_UNINITIALIZED_AUTOS = YES_AGGRESSIVE;
				GCC_WARN_UNUSED_FUNCTION = YES;
				GCC_WARN_UNUSED_VARIABLE = YES;
				MACOSX_DEPLOYMENT_TARGET = 10.6;
				ONLY_ACTIVE_ARCH = YES;
				SDKROOT = macosx;
			};
			name = Debug;
		};
		1DEE0992198279CA00A0A76D /* Release */ = {
			isa = XCBuildConfiguration;
			buildSettings = {
				ALWAYS_SEARCH_USER_PATHS = NO;
				CLANG_CXX_LANGUAGE_STANDARD = "gnu++0x";
				CLANG_CXX_LIBRARY = "libc++";
				CLANG_ENABLE_MODULES = YES;
				CLANG_ENABLE_OBJC_ARC = YES;
				CLANG_WARN_BOOL_CONVERSION = YES;
				CLANG_WARN_CONSTANT_CONVERSION = YES;
				CLANG_WARN_DIRECT_OBJC_ISA_USAGE = YES_ERROR;
				CLANG_WARN_EMPTY_BODY = YES;
				CLANG_WARN_ENUM_CONVERSION = YES;
				CLANG_WARN_INT_CONVERSION = YES;
				CLANG_WARN_OBJC_ROOT_CLASS = YES_ERROR;
				CLANG_WARN__DUPLICATE_METHOD_MATCH = YES;
				COPY_PHASE_STRIP = YES;
				DEBUG_INFORMATION_FORMAT = "dwarf-with-dsym";
				ENABLE_NS_ASSERTIONS = NO;
				GCC_C_LANGUAGE_STANDARD = gnu99;
				GCC_ENABLE_OBJC_EXCEPTIONS = YES;
				GCC_WARN_64_TO_32_BIT_CONVERSION = YES;
				GCC_WARN_ABOUT_RETURN_TYPE = YES_ERROR;
				GCC_WARN_UNDECLARED_SELECTOR = YES;
				GCC_WARN_UNINITIALIZED_AUTOS = YES_AGGRESSIVE;
				GCC_WARN_UNUSED_FUNCTION = YES;
				GCC_WARN_UNUSED_VARIABLE = YES;
				MACOSX_DEPLOYMENT_TARGET = 10.6;
				SDKROOT = macosx;
			};
			name = Release;
		};
		1DEE0994198279CA00A0A76D /* Debug */ = {
			isa = XCBuildConfiguration;
			buildSettings = {
				ASSETCATALOG_COMPILER_APPICON_NAME = AppIcon;
				CODE_SIGN_IDENTITY = "Akira Muraki";
				CODE_SIGN_RESOURCE_RULES_PATH = "$(SDKROOT)/../../../ResourceRules.plist";
				COMBINE_HIDPI_IMAGES = YES;
				FRAMEWORK_SEARCH_PATHS = (
					"$(inherited)",
					"$(PROJECT_DIR)/Frameworks",
				);
				GCC_PRECOMPILE_PREFIX_HEADER = YES;
				GCC_PREFIX_HEADER = "NicoLiveAlert/Supporting Files/NicoLiveAlert-Prefix.pch";
				INFOPLIST_FILE = "NicoLiveAlert/Supporting Files/NicoLiveAlert-Info.plist";
				MACOSX_DEPLOYMENT_TARGET = 10.7;
				PRODUCT_NAME = "$(TARGET_NAME)";
				WRAPPER_EXTENSION = app;
			};
			name = Debug;
		};
		1DEE0995198279CA00A0A76D /* Release */ = {
			isa = XCBuildConfiguration;
			buildSettings = {
				ASSETCATALOG_COMPILER_APPICON_NAME = AppIcon;
				CODE_SIGN_IDENTITY = "Akira Muraki";
				CODE_SIGN_RESOURCE_RULES_PATH = "$(SDKROOT)/../../../ResourceRules.plist";
				COMBINE_HIDPI_IMAGES = YES;
				FRAMEWORK_SEARCH_PATHS = (
					"$(inherited)",
					"$(PROJECT_DIR)/Frameworks",
				);
				GCC_PRECOMPILE_PREFIX_HEADER = YES;
				GCC_PREFIX_HEADER = "NicoLiveAlert/Supporting Files/NicoLiveAlert-Prefix.pch";
				INFOPLIST_FILE = "NicoLiveAlert/Supporting Files/NicoLiveAlert-Info.plist";
				MACOSX_DEPLOYMENT_TARGET = 10.7;
				PRODUCT_NAME = "$(TARGET_NAME)";
				WRAPPER_EXTENSION = app;
			};
			name = Release;
		};
		1DEE0997198279CA00A0A76D /* Debug */ = {
			isa = XCBuildConfiguration;
			buildSettings = {
				BUNDLE_LOADER = "$(BUILT_PRODUCTS_DIR)/NicoLiveAlert.app/Contents/MacOS/NicoLiveAlert";
				CODE_SIGN_IDENTITY = "Чайка";
				CODE_SIGN_RESOURCE_RULES_PATH = "$(SDKROOT)/../../../ResourceRules.plist";
				COMBINE_HIDPI_IMAGES = YES;
				FRAMEWORK_SEARCH_PATHS = (
					"$(DEVELOPER_FRAMEWORKS_DIR)",
					"$(inherited)",
					"/Volumes/SharkWire/build/external/Growl/Growl-2.0-SDK/Framework",
					"$(USER_LIBRARY_DIR)/Developer/Xcode/DerivedData/CocoaOniguruma-ebkzyvmterilfybnotgwbjtzwmke/Build/Products/Release",
					"$(PROJECT_DIR)/Frameworks",
				);
				GCC_PRECOMPILE_PREFIX_HEADER = YES;
				GCC_PREFIX_HEADER = "NicoLiveAlert/NicoLiveAlert-Prefix.pch";
				GCC_PREPROCESSOR_DEFINITIONS = (
					"DEBUG=1",
					"$(inherited)",
				);
				INFOPLIST_FILE = "NicoLiveAlertTests/NicoLiveAlertTests-Info.plist";
				PRODUCT_NAME = "$(TARGET_NAME)";
				TEST_HOST = "$(BUNDLE_LOADER)";
				WRAPPER_EXTENSION = xctest;
			};
			name = Debug;
		};
		1DEE0998198279CA00A0A76D /* Release */ = {
			isa = XCBuildConfiguration;
			buildSettings = {
				BUNDLE_LOADER = "$(BUILT_PRODUCTS_DIR)/NicoLiveAlert.app/Contents/MacOS/NicoLiveAlert";
				CODE_SIGN_IDENTITY = "Чайка";
				CODE_SIGN_RESOURCE_RULES_PATH = "$(SDKROOT)/../../../ResourceRules.plist";
				COMBINE_HIDPI_IMAGES = YES;
				FRAMEWORK_SEARCH_PATHS = (
					"$(DEVELOPER_FRAMEWORKS_DIR)",
					"$(inherited)",
					"/Volumes/SharkWire/build/external/Growl/Growl-2.0-SDK/Framework",
					"$(USER_LIBRARY_DIR)/Developer/Xcode/DerivedData/CocoaOniguruma-ebkzyvmterilfybnotgwbjtzwmke/Build/Products/Release",
					"$(PROJECT_DIR)/Frameworks",
				);
				GCC_PRECOMPILE_PREFIX_HEADER = YES;
				GCC_PREFIX_HEADER = "NicoLiveAlert/NicoLiveAlert-Prefix.pch";
				INFOPLIST_FILE = "NicoLiveAlertTests/NicoLiveAlertTests-Info.plist";
				PRODUCT_NAME = "$(TARGET_NAME)";
				TEST_HOST = "$(BUNDLE_LOADER)";
				WRAPPER_EXTENSION = xctest;
			};
			name = Release;
		};
/* End XCBuildConfiguration section */

/* Begin XCConfigurationList section */
		1DEE095D198279CA00A0A76D /* Build configuration list for PBXProject "NicoLiveAlert" */ = {
			isa = XCConfigurationList;
			buildConfigurations = (
				1DEE0991198279CA00A0A76D /* Debug */,
				1DEE0992198279CA00A0A76D /* Release */,
			);
			defaultConfigurationIsVisible = 0;
			defaultConfigurationName = Release;
		};
		1DEE0993198279CA00A0A76D /* Build configuration list for PBXNativeTarget "NicoLiveAlert" */ = {
			isa = XCConfigurationList;
			buildConfigurations = (
				1DEE0994198279CA00A0A76D /* Debug */,
				1DEE0995198279CA00A0A76D /* Release */,
			);
			defaultConfigurationIsVisible = 0;
			defaultConfigurationName = Release;
		};
		1DEE0996198279CA00A0A76D /* Build configuration list for PBXNativeTarget "NicoLiveAlertTests" */ = {
			isa = XCConfigurationList;
			buildConfigurations = (
				1DEE0997198279CA00A0A76D /* Debug */,
				1DEE0998198279CA00A0A76D /* Release */,
			);
			defaultConfigurationIsVisible = 0;
			defaultConfigurationName = Release;
		};
/* End XCConfigurationList section */
	};
	rootObject = 1DEE095A198279CA00A0A76D /* Project object */;
}
